
Microsoft Visual Studio Solution File, Format Version 12.00
# Visual Studio 15
VisualStudioVersion = 15.0.28010.2016
MinimumVisualStudioVersion = 10.0.40219.1
Project("{8BC9CEB8-8B4A-11D0-8D11-00A0C91BC942}") = "Sandbox", "Sandbox\Sandbox.vcxproj", "{8D34D694-8648-4808-AA6D-F8299E832AC4}"
EndProject
Project("{8BC9CEB8-8B4A-11D0-8D11-00A0C91BC942}") = "Swallow", "Swallow\Swallow.vcxproj", "{35BB5C59-6458-4AFE-9902-BE33D84C39BB}"
EndProject
Global
	GlobalSection(SolutionConfigurationPlatforms) = preSolution
		Debug|x64 = Debug|x64
		Release|x64 = Release|x64
	EndGlobalSection
	GlobalSection(ProjectConfigurationPlatforms) = postSolution
		{35BB5C59-6458-4AFE-9902-BE33D84C39BB}.Debug|x64.ActiveCfg = Debug|x64
		{35BB5C59-6458-4AFE-9902-BE33D84C39BB}.Debug|x64.Build.0 = Debug|x64
		{35BB5C59-6458-4AFE-9902-BE33D84C39BB}.Release|x64.ActiveCfg = Release|x64
		{35BB5C59-6458-4AFE-9902-BE33D84C39BB}.Release|x64.Build.0 = Release|x64
		{8D34D694-8648-4808-AA6D-F8299E832AC4}.Debug|x64.ActiveCfg = Debug|x64
		{8D34D694-8648-4808-AA6D-F8299E832AC4}.Debug|x64.Build.0 = Debug|x64
		{8D34D694-8648-4808-AA6D-F8299E832AC4}.Release|x64.ActiveCfg = Release|x64
		{8D34D694-8648-4808-AA6D-F8299E832AC4}.Release|x64.Build.0 = Release|x64
	EndGlobalSection
	GlobalSection(SolutionProperties) = preSolution
		HideSolutionNode = FALSE
	EndGlobalSection
	GlobalSection(ExtensibilityGlobals) = postSolution
		SolutionGuid = {25CC6C2A-81A2-48A5-B067-3A2766EE90A2}
	EndGlobalSection
EndGlobal
