<?xml version="1.0" encoding="utf-8"?>
<Project ToolsVersion="4.0" xmlns="http://schemas.microsoft.com/developer/msbuild/2003">
  <ItemGroup>
    <Filter Include="Swallow">
      <UniqueIdentifier>{CE8E8F15-3A6E-0EB1-4386-9987AFE47412}</UniqueIdentifier>
    </Filter>
    <Filter Include="Swallow\Events">
      <UniqueIdentifier>{F2C632CB-DE94-26D1-C728-97F7B3950236}</UniqueIdentifier>
    </Filter>
  </ItemGroup>
  <ItemGroup>
    <ClInclude Include="src\Swallow.h" />
    <ClInclude Include="src\Swallow\Application.h">
      <Filter>Swallow</Filter>
    </ClInclude>
    <ClInclude Include="src\Swallow\Core.h">
      <Filter>Swallow</Filter>
    </ClInclude>
    <ClInclude Include="src\Swallow\EntryPoint.h">
      <Filter>Swallow</Filter>
    </ClInclude>
    <ClInclude Include="src\Swallow\Events\ApplicationEvent.h">
      <Filter>Swallow\Events</Filter>
    </ClInclude>
    <ClInclude Include="src\Swallow\Events\Event.h">
      <Filter>Swallow\Events</Filter>
    </ClInclude>
    <ClInclude Include="src\Swallow\Events\KeyEvent.h">
      <Filter>Swallow\Events</Filter>
    </ClInclude>
    <ClInclude Include="src\Swallow\Events\MouseEvent.h">
      <Filter>Swallow\Events</Filter>
    </ClInclude>
    <ClInclude Include="src\Swallow\Log.h">
      <Filter>Swallow</Filter>
    </ClInclude>
    <ClInclude Include="src\swpch.h" />
    <ClInclude Include="src\Swallow\Window.h" />
    <ClInclude Include="src\Platform\Windows\WindowsWindow.h" />
  </ItemGroup>
  <ItemGroup>
    <ClCompile Include="src\Swallow\Application.cpp">
      <Filter>Swallow</Filter>
    </ClCompile>
    <ClCompile Include="src\Swallow\Log.cpp">
      <Filter>Swallow</Filter>
    </ClCompile>
    <ClCompile Include="src\swpch.cpp" />
    <ClCompile Include="src\Platform\Windows\WindowsWindow.cpp" />
  </ItemGroup>
</Project>